
Microsoft Visual Studio Solution File, Format Version 12.00
# Visual Studio Version 17
VisualStudioVersion = 17.14.36202.13 d17.14
MinimumVisualStudioVersion = 10.0.40219.1
Project("{FAE04EC0-301F-11D3-BF4B-00C04F79EFBC}") = "AzDeltaKVT.API", "AzDeltaKVT.API\AzDeltaKVT.API.csproj", "{3D32BB4C-70EC-48CD-B6CC-FC2366DB701C}"
EndProject
Global
	GlobalSection(SolutionConfigurationPlatforms) = preSolution
		Debug|Any CPU = Debug|Any CPU
		Release|Any CPU = Release|Any CPU
	EndGlobalSection
	GlobalSection(ProjectConfigurationPlatforms) = postSolution
		{3D32BB4C-70EC-48CD-B6CC-FC2366DB701C}.Debug|Any CPU.ActiveCfg = Debug|Any CPU
		{3D32BB4C-70EC-48CD-B6CC-FC2366DB701C}.Debug|Any CPU.Build.0 = Debug|Any CPU
		{3D32BB4C-70EC-48CD-B6CC-FC2366DB701C}.Release|Any CPU.ActiveCfg = Release|Any CPU
		{3D32BB4C-70EC-48CD-B6CC-FC2366DB701C}.Release|Any CPU.Build.0 = Release|Any CPU
	EndGlobalSection
	GlobalSection(SolutionProperties) = preSolution
		HideSolutionNode = FALSE
	EndGlobalSection
	GlobalSection(ExtensibilityGlobals) = postSolution
		SolutionGuid = {9D1D09EE-D48A-423B-BCA5-CF239810F9BE}
	EndGlobalSection
EndGlobal
